{
	"name": "@web-docs/cli",
	"version": "1.0.4",
	"lockfileVersion": 2,
	"requires": true,
	"packages": {
		"": {
			"name": "@web-docs/cli",
			"version": "1.0.0",
			"license": "ISC",
			"dependencies": {
				"commander": "^8.0.0"
			},
			"bin": {
				"cli": "dist/index.js"
			},
			"devDependencies": {
				"@types/node": "^15.12.4",
				"esbuild": "0.8.26",
				"typescript": "^4.3.4"
			}
		},
		"node_modules/@types/node": {
			"version": "15.12.5",
			"resolved": "https://registry.npmjs.org/@types/node/-/node-15.12.5.tgz",
			"integrity": "sha512-se3yX7UHv5Bscf8f1ERKvQOD6sTyycH3hdaoozvaLxgUiY5lIGEeH37AD0G0Qi9kPqihPn0HOfd2yaIEN9VwEg==",
			"dev": true
		},
		"node_modules/commander": {
			"version": "8.0.0",
			"resolved": "https://registry.npmjs.org/commander/-/commander-8.0.0.tgz",
			"integrity": "sha512-Xvf85aAtu6v22+E5hfVoLHqyul/jyxh91zvqk/ioJTQuJR7Z78n7H558vMPKanPSRgIEeZemT92I2g9Y8LPbSQ==",
			"engines": {
				"node": ">= 12"
			}
		},
		"node_modules/esbuild": {
			"version": "0.8.26",
			"resolved": "https://registry.npmjs.org/esbuild/-/esbuild-0.8.26.tgz",
			"integrity": "sha512-u3MMHOOumdWoAKF+073GHPpzvVB2cM+y9VD4ZwYs1FAQ6atRPISya35dbrbOu/mM68mQ42P+nwPzQVBTfQhkvQ==",
			"dev": true,
			"hasInstallScript": true,
			"bin": {
				"esbuild": "bin/esbuild"
			}
		},
		"node_modules/typescript": {
			"version": "4.3.4",
			"resolved": "https://registry.npmjs.org/typescript/-/typescript-4.3.4.tgz",
			"integrity": "sha512-uauPG7XZn9F/mo+7MrsRjyvbxFpzemRjKEZXS4AK83oP2KKOJPvb+9cO/gmnv8arWZvhnjVOXz7B49m1l0e9Ew==",
			"dev": true,
			"bin": {
				"tsc": "bin/tsc",
				"tsserver": "bin/tsserver"
			},
			"engines": {
				"node": ">=4.2.0"
			}
		}
	},
	"dependencies": {
		"@types/node": {
			"version": "15.12.5",
			"resolved": "https://registry.npmjs.org/@types/node/-/node-15.12.5.tgz",
			"integrity": "sha512-se3yX7UHv5Bscf8f1ERKvQOD6sTyycH3hdaoozvaLxgUiY5lIGEeH37AD0G0Qi9kPqihPn0HOfd2yaIEN9VwEg==",
			"dev": true
		},
		"commander": {
			"version": "8.0.0",
			"resolved": "https://registry.npmjs.org/commander/-/commander-8.0.0.tgz",
			"integrity": "sha512-Xvf85aAtu6v22+E5hfVoLHqyul/jyxh91zvqk/ioJTQuJR7Z78n7H558vMPKanPSRgIEeZemT92I2g9Y8LPbSQ=="
		},
		"esbuild": {
			"version": "0.8.26",
			"resolved": "https://registry.npmjs.org/esbuild/-/esbuild-0.8.26.tgz",
			"integrity": "sha512-u3MMHOOumdWoAKF+073GHPpzvVB2cM+y9VD4ZwYs1FAQ6atRPISya35dbrbOu/mM68mQ42P+nwPzQVBTfQhkvQ==",
			"dev": true
		},
		"typescript": {
			"version": "4.3.4",
			"resolved": "https://registry.npmjs.org/typescript/-/typescript-4.3.4.tgz",
			"integrity": "sha512-uauPG7XZn9F/mo+7MrsRjyvbxFpzemRjKEZXS4AK83oP2KKOJPvb+9cO/gmnv8arWZvhnjVOXz7B49m1l0e9Ew==",
			"dev": true
		}
	}
}
